
Microsoft Visual Studio Solution File, Format Version 12.00
# Visual Studio Version 17
VisualStudioVersion = 17.9.34723.18
MinimumVisualStudioVersion = 10.0.40219.1
Project("{9A19103F-16F7-4668-BE54-9A1E7A4F7556}") = "stroymaterial-raqif", "stroymaterial-raqif\stroymaterial-raqif.csproj", "{724174FE-1BBB-44B9-97A2-BD2740E97BCA}"
EndProject
Project("{9A19103F-16F7-4668-BE54-9A1E7A4F7556}") = "Core", "Core\Core.csproj", "{F246AD88-BC4C-48A3-AED6-A323D46046E9}"
EndProject
Project("{9A19103F-16F7-4668-BE54-9A1E7A4F7556}") = "Entity", "Entity\Entity.csproj", "{BA829C25-F9E4-4A82-9ECF-66F7C9F4786B}"
EndProject
Project("{9A19103F-16F7-4668-BE54-9A1E7A4F7556}") = "Business", "Business\Business.csproj", "{2A727240-5411-43BC-8E69-31F32BAE04F9}"
EndProject
Project("{FAE04EC0-301F-11D3-BF4B-00C04F79EFBC}") = "DataAccess", "DataAccess\DataAccess.csproj", "{6EB5C2EB-1E9A-4BC0-8950-A0ECA3DF485F}"
EndProject
Global
	GlobalSection(SolutionConfigurationPlatforms) = preSolution
		Debug|Any CPU = Debug|Any CPU
		Release|Any CPU = Release|Any CPU
	EndGlobalSection
	GlobalSection(ProjectConfigurationPlatforms) = postSolution
		{724174FE-1BBB-44B9-97A2-BD2740E97BCA}.Debug|Any CPU.ActiveCfg = Debug|Any CPU
		{724174FE-1BBB-44B9-97A2-BD2740E97BCA}.Debug|Any CPU.Build.0 = Debug|Any CPU
		{724174FE-1BBB-44B9-97A2-BD2740E97BCA}.Release|Any CPU.ActiveCfg = Release|Any CPU
		{724174FE-1BBB-44B9-97A2-BD2740E97BCA}.Release|Any CPU.Build.0 = Release|Any CPU
		{F246AD88-BC4C-48A3-AED6-A323D46046E9}.Debug|Any CPU.ActiveCfg = Debug|Any CPU
		{F246AD88-BC4C-48A3-AED6-A323D46046E9}.Debug|Any CPU.Build.0 = Debug|Any CPU
		{F246AD88-BC4C-48A3-AED6-A323D46046E9}.Release|Any CPU.ActiveCfg = Release|Any CPU
		{F246AD88-BC4C-48A3-AED6-A323D46046E9}.Release|Any CPU.Build.0 = Release|Any CPU
		{BA829C25-F9E4-4A82-9ECF-66F7C9F4786B}.Debug|Any CPU.ActiveCfg = Debug|Any CPU
		{BA829C25-F9E4-4A82-9ECF-66F7C9F4786B}.Debug|Any CPU.Build.0 = Debug|Any CPU
		{BA829C25-F9E4-4A82-9ECF-66F7C9F4786B}.Release|Any CPU.ActiveCfg = Release|Any CPU
		{BA829C25-F9E4-4A82-9ECF-66F7C9F4786B}.Release|Any CPU.Build.0 = Release|Any CPU
		{2A727240-5411-43BC-8E69-31F32BAE04F9}.Debug|Any CPU.ActiveCfg = Debug|Any CPU
		{2A727240-5411-43BC-8E69-31F32BAE04F9}.Debug|Any CPU.Build.0 = Debug|Any CPU
		{2A727240-5411-43BC-8E69-31F32BAE04F9}.Release|Any CPU.ActiveCfg = Release|Any CPU
		{2A727240-5411-43BC-8E69-31F32BAE04F9}.Release|Any CPU.Build.0 = Release|Any CPU
		{6EB5C2EB-1E9A-4BC0-8950-A0ECA3DF485F}.Debug|Any CPU.ActiveCfg = Debug|Any CPU
		{6EB5C2EB-1E9A-4BC0-8950-A0ECA3DF485F}.Debug|Any CPU.Build.0 = Debug|Any CPU
		{6EB5C2EB-1E9A-4BC0-8950-A0ECA3DF485F}.Release|Any CPU.ActiveCfg = Release|Any CPU
		{6EB5C2EB-1E9A-4BC0-8950-A0ECA3DF485F}.Release|Any CPU.Build.0 = Release|Any CPU
	EndGlobalSection
	GlobalSection(SolutionProperties) = preSolution
		HideSolutionNode = FALSE
	EndGlobalSection
	GlobalSection(ExtensibilityGlobals) = postSolution
		SolutionGuid = {8E4D8B11-9F36-4936-9821-F9CC7E7257E7}
	EndGlobalSection
EndGlobal
